
Microsoft Visual Studio Solution File, Format Version 12.00
# Visual Studio Version 17
VisualStudioVersion = 17.1.32421.90
MinimumVisualStudioVersion = 10.0.40219.1
Project("{FAE04EC0-301F-11D3-BF4B-00C04F79EFBC}") = "Multi Purpose App", "Multi Purpose App\Multi Purpose App.csproj", "{84A459C8-FB6E-44ED-8819-AA218DDFDF73}"
EndProject
Global
	GlobalSection(SolutionConfigurationPlatforms) = preSolution
		Debug|Any CPU = Debug|Any CPU
		Release|Any CPU = Release|Any CPU
	EndGlobalSection
	GlobalSection(ProjectConfigurationPlatforms) = postSolution
		{84A459C8-FB6E-44ED-8819-AA218DDFDF73}.Debug|Any CPU.ActiveCfg = Debug|Any CPU
		{84A459C8-FB6E-44ED-8819-AA218DDFDF73}.Debug|Any CPU.Build.0 = Debug|Any CPU
		{84A459C8-FB6E-44ED-8819-AA218DDFDF73}.Release|Any CPU.ActiveCfg = Release|Any CPU
		{84A459C8-FB6E-44ED-8819-AA218DDFDF73}.Release|Any CPU.Build.0 = Release|Any CPU
	EndGlobalSection
	GlobalSection(SolutionProperties) = preSolution
		HideSolutionNode = FALSE
	EndGlobalSection
	GlobalSection(ExtensibilityGlobals) = postSolution
		SolutionGuid = {113A9E48-2E10-497A-A9AC-5220FA60E32A}
	EndGlobalSection
EndGlobal
